
Microsoft Visual Studio Solution File, Format Version 12.00
# Visual Studio 2012
Project("{FAE04EC0-301F-11D3-BF4B-00C04F79EFBC}") = "DanceCalc", "DanceCalc\DanceCalc.csproj", "{2DF82E0D-2702-45C7-901B-DCA3A537E839}"
EndProject
Project("{FAE04EC0-301F-11D3-BF4B-00C04F79EFBC}") = "DanceLib", "DanceLib\DanceLib.csproj", "{114FF99A-CAAC-4281-8F0A-35590A12A487}"
EndProject
Project("{2150E333-8FDC-42A3-9474-1A3956D46DE8}") = "Solution Items", "Solution Items", "{69ADF94E-AE63-4954-BD58-BD56BFE93656}"
	ProjectSection(SolutionItems) = preProject
		DanceCalc.vsmdi = DanceCalc.vsmdi
		Local.testsettings = Local.testsettings
		TraceAndTestImpact.testsettings = TraceAndTestImpact.testsettings
	EndProjectSection
EndProject
Project("{FAE04EC0-301F-11D3-BF4B-00C04F79EFBC}") = "DanceTests", "DanceTests\DanceTests.csproj", "{CEED9532-2CE7-40ED-80FC-4D12453C2D3D}"
EndProject
Project("{FAE04EC0-301F-11D3-BF4B-00C04F79EFBC}") = "DanceUtilities", "DanceUtilities\DanceUtilities.csproj", "{26EAEAED-C494-4B32-BDC7-4FE5379DCE76}"
EndProject
Project("{FAE04EC0-301F-11D3-BF4B-00C04F79EFBC}") = "music4dance", "music4dance\music4dance.csproj", "{D01F92C2-46F5-47A1-9A0D-A72577901987}"
EndProject
Project("{FAE04EC0-301F-11D3-BF4B-00C04F79EFBC}") = "music4dance.Tests", "music4dance.Tests\music4dance.Tests.csproj", "{F98F6319-4FBF-472B-9BF6-B986D9CE07CF}"
EndProject
Global
	GlobalSection(TeamFoundationVersionControl) = preSolution
		SccNumberOfProjects = 7
		SccEnterpriseProvider = {4CA58AB2-18FA-4F8D-95D4-32DDF27D184C}
		SccTeamFoundationServer = https://thegray.tfspreview.com/defaultcollection
		SccLocalPath0 = .
		SccProjectUniqueName1 = DanceCalc\\DanceCalc.csproj
		SccProjectName1 = DanceCalc
		SccLocalPath1 = DanceCalc
		SccProjectUniqueName2 = DanceLib\\DanceLib.csproj
		SccProjectName2 = DanceLib
		SccLocalPath2 = DanceLib
		SccProjectUniqueName3 = DanceTests\\DanceTests.csproj
		SccProjectName3 = DanceTests
		SccLocalPath3 = DanceTests
		SccProjectUniqueName4 = DanceUtilities\\DanceUtilities.csproj
		SccProjectName4 = DanceUtilities
		SccLocalPath4 = DanceUtilities
		SccProjectUniqueName5 = music4dance\\music4dance.csproj
		SccProjectName5 = music4dance
		SccLocalPath5 = music4dance
		SccProjectUniqueName6 = music4dance.Tests\\music4dance.Tests.csproj
		SccProjectName6 = music4dance.Tests
		SccLocalPath6 = music4dance.Tests
	EndGlobalSection
	GlobalSection(TestCaseManagementSettings) = postSolution
		CategoryFile = DanceCalc.vsmdi
	EndGlobalSection
	GlobalSection(SolutionConfigurationPlatforms) = preSolution
		Debug|Any CPU = Debug|Any CPU
		Release|Any CPU = Release|Any CPU
	EndGlobalSection
	GlobalSection(ProjectConfigurationPlatforms) = postSolution
		{2DF82E0D-2702-45C7-901B-DCA3A537E839}.Debug|Any CPU.ActiveCfg = Debug|Any CPU
		{2DF82E0D-2702-45C7-901B-DCA3A537E839}.Debug|Any CPU.Build.0 = Debug|Any CPU
		{2DF82E0D-2702-45C7-901B-DCA3A537E839}.Debug|Any CPU.Deploy.0 = Debug|Any CPU
		{2DF82E0D-2702-45C7-901B-DCA3A537E839}.Release|Any CPU.ActiveCfg = Release|Any CPU
		{2DF82E0D-2702-45C7-901B-DCA3A537E839}.Release|Any CPU.Build.0 = Release|Any CPU
		{2DF82E0D-2702-45C7-901B-DCA3A537E839}.Release|Any CPU.Deploy.0 = Release|Any CPU
		{114FF99A-CAAC-4281-8F0A-35590A12A487}.Debug|Any CPU.ActiveCfg = Debug|Any CPU
		{114FF99A-CAAC-4281-8F0A-35590A12A487}.Debug|Any CPU.Build.0 = Debug|Any CPU
		{114FF99A-CAAC-4281-8F0A-35590A12A487}.Release|Any CPU.ActiveCfg = Release|Any CPU
		{114FF99A-CAAC-4281-8F0A-35590A12A487}.Release|Any CPU.Build.0 = Release|Any CPU
		{CEED9532-2CE7-40ED-80FC-4D12453C2D3D}.Debug|Any CPU.ActiveCfg = Debug|Any CPU
		{CEED9532-2CE7-40ED-80FC-4D12453C2D3D}.Debug|Any CPU.Build.0 = Debug|Any CPU
		{CEED9532-2CE7-40ED-80FC-4D12453C2D3D}.Release|Any CPU.ActiveCfg = Release|Any CPU
		{CEED9532-2CE7-40ED-80FC-4D12453C2D3D}.Release|Any CPU.Build.0 = Release|Any CPU
		{26EAEAED-C494-4B32-BDC7-4FE5379DCE76}.Debug|Any CPU.ActiveCfg = Debug|Any CPU
		{26EAEAED-C494-4B32-BDC7-4FE5379DCE76}.Debug|Any CPU.Build.0 = Debug|Any CPU
		{26EAEAED-C494-4B32-BDC7-4FE5379DCE76}.Release|Any CPU.ActiveCfg = Release|Any CPU
		{26EAEAED-C494-4B32-BDC7-4FE5379DCE76}.Release|Any CPU.Build.0 = Release|Any CPU
		{D01F92C2-46F5-47A1-9A0D-A72577901987}.Debug|Any CPU.ActiveCfg = Debug|Any CPU
		{D01F92C2-46F5-47A1-9A0D-A72577901987}.Debug|Any CPU.Build.0 = Debug|Any CPU
		{D01F92C2-46F5-47A1-9A0D-A72577901987}.Release|Any CPU.ActiveCfg = Release|Any CPU
		{D01F92C2-46F5-47A1-9A0D-A72577901987}.Release|Any CPU.Build.0 = Release|Any CPU
		{F98F6319-4FBF-472B-9BF6-B986D9CE07CF}.Debug|Any CPU.ActiveCfg = Debug|Any CPU
		{F98F6319-4FBF-472B-9BF6-B986D9CE07CF}.Debug|Any CPU.Build.0 = Debug|Any CPU
		{F98F6319-4FBF-472B-9BF6-B986D9CE07CF}.Release|Any CPU.ActiveCfg = Release|Any CPU
		{F98F6319-4FBF-472B-9BF6-B986D9CE07CF}.Release|Any CPU.Build.0 = Release|Any CPU
	EndGlobalSection
	GlobalSection(SolutionProperties) = preSolution
		HideSolutionNode = FALSE
	EndGlobalSection
EndGlobal
