
Microsoft Visual Studio Solution File, Format Version 12.00
# Visual Studio 14
VisualStudioVersion = 14.0.25420.1
MinimumVisualStudioVersion = 10.0.40219.1
Project("{2150E333-8FDC-42A3-9474-1A3956D46DE8}") = "Solution Items", "Solution Items", "{69ADF94E-AE63-4954-BD58-BD56BFE93656}"
	ProjectSection(SolutionItems) = preProject
		DanceCalc.vsmdi = DanceCalc.vsmdi
		Local.testsettings = Local.testsettings
		TraceAndTestImpact.testsettings = TraceAndTestImpact.testsettings
	EndProjectSection
EndProject
Project("{FAE04EC0-301F-11D3-BF4B-00C04F79EFBC}") = "DanceLib", "DanceLib\DanceLib.csproj", "{114FF99A-CAAC-4281-8F0A-35590A12A487}"
EndProject
Project("{FAE04EC0-301F-11D3-BF4B-00C04F79EFBC}") = "DanceTests", "DanceTests\DanceTests.csproj", "{CEED9532-2CE7-40ED-80FC-4D12453C2D3D}"
EndProject
Project("{2150E333-8FDC-42A3-9474-1A3956D46DE8}") = ".nuget", ".nuget", "{ABCFBB05-38D4-459B-B0B3-F943DAD8B680}"
	ProjectSection(SolutionItems) = preProject
		.nuget\NuGet.Config = .nuget\NuGet.Config
	EndProjectSection
EndProject
Project("{FAE04EC0-301F-11D3-BF4B-00C04F79EFBC}") = "m4d", "m4d\m4d.csproj", "{085B7551-A8CD-4ACD-A5FD-A2008DC63770}"
EndProject
Project("{FAE04EC0-301F-11D3-BF4B-00C04F79EFBC}") = "m4d.Tests", "m4d.Tests\m4d.Tests.csproj", "{F0EDB9D9-5AE4-4D91-8C97-72ABAE5C8331}"
EndProject
Project("{FAE04EC0-301F-11D3-BF4B-00C04F79EFBC}") = "m4dModels", "m4dModels\m4dModels.csproj", "{DA8F57D2-6643-4B79-82A2-F1371D4748F8}"
EndProject
Project("{FAE04EC0-301F-11D3-BF4B-00C04F79EFBC}") = "m4dModels.Tests", "m4dModels.Tests\m4dModels.Tests.csproj", "{12B8DD57-9BB9-41EB-8957-198563E5210A}"
	ProjectSection(ProjectDependencies) = postProject
		{114FF99A-CAAC-4281-8F0A-35590A12A487} = {114FF99A-CAAC-4281-8F0A-35590A12A487}
		{DA8F57D2-6643-4B79-82A2-F1371D4748F8} = {DA8F57D2-6643-4B79-82A2-F1371D4748F8}
	EndProjectSection
EndProject
Project("{FAE04EC0-301F-11D3-BF4B-00C04F79EFBC}") = "FileScanner", "FileScanner\FileScanner.csproj", "{66D967DC-28D3-406F-9350-904EE1C52053}"
EndProject
Project("{FAE04EC0-301F-11D3-BF4B-00C04F79EFBC}") = "Contract", "Contract\Contract.csproj", "{63F094AA-6C64-4947-83B1-678758CA8AA2}"
EndProject
Project("{FAE04EC0-301F-11D3-BF4B-00C04F79EFBC}") = "XboxMusicClient", "XboxMusicClient\XboxMusicClient.csproj", "{12C43A5C-A071-4629-8157-A63CBBCE0B1E}"
EndProject
Project("{FAE04EC0-301F-11D3-BF4B-00C04F79EFBC}") = "m4d-redirect", "m4d-redirect\m4d-redirect.csproj", "{5111FC48-720F-41AC-BD42-BD531C5D7986}"
EndProject
Project("{FAE04EC0-301F-11D3-BF4B-00C04F79EFBC}") = "SoundTouch.Net", "SoundTouch.Net\SoundTouch.Net.csproj", "{EA570592-1FAB-412F-AA0C-159C947608CD}"
EndProject
Project("{FAE04EC0-301F-11D3-BF4B-00C04F79EFBC}") = "Crawler", "Crawler\Crawler.csproj", "{559084BC-8F49-435E-AD26-6FBD96940BB2}"
EndProject
Project("{FAE04EC0-301F-11D3-BF4B-00C04F79EFBC}") = "RecomputeJob", "RecomputeJob\RecomputeJob.csproj", "{357015ED-54E9-4D0E-B9F3-D12B5F53B79E}"
EndProject
Global
	GlobalSection(SolutionConfigurationPlatforms) = preSolution
		Debug|Any CPU = Debug|Any CPU
		Debug|ARM = Debug|ARM
		Debug|x86 = Debug|x86
		Release|Any CPU = Release|Any CPU
		Release|ARM = Release|ARM
		Release|x86 = Release|x86
	EndGlobalSection
	GlobalSection(ProjectConfigurationPlatforms) = postSolution
		{114FF99A-CAAC-4281-8F0A-35590A12A487}.Debug|Any CPU.ActiveCfg = Debug|Any CPU
		{114FF99A-CAAC-4281-8F0A-35590A12A487}.Debug|Any CPU.Build.0 = Debug|Any CPU
		{114FF99A-CAAC-4281-8F0A-35590A12A487}.Debug|ARM.ActiveCfg = Debug|Any CPU
		{114FF99A-CAAC-4281-8F0A-35590A12A487}.Debug|x86.ActiveCfg = Debug|Any CPU
		{114FF99A-CAAC-4281-8F0A-35590A12A487}.Release|Any CPU.ActiveCfg = Release|Any CPU
		{114FF99A-CAAC-4281-8F0A-35590A12A487}.Release|Any CPU.Build.0 = Release|Any CPU
		{114FF99A-CAAC-4281-8F0A-35590A12A487}.Release|ARM.ActiveCfg = Release|Any CPU
		{114FF99A-CAAC-4281-8F0A-35590A12A487}.Release|x86.ActiveCfg = Release|Any CPU
		{CEED9532-2CE7-40ED-80FC-4D12453C2D3D}.Debug|Any CPU.ActiveCfg = Debug|Any CPU
		{CEED9532-2CE7-40ED-80FC-4D12453C2D3D}.Debug|Any CPU.Build.0 = Debug|Any CPU
		{CEED9532-2CE7-40ED-80FC-4D12453C2D3D}.Debug|ARM.ActiveCfg = Debug|Any CPU
		{CEED9532-2CE7-40ED-80FC-4D12453C2D3D}.Debug|x86.ActiveCfg = Debug|Any CPU
		{CEED9532-2CE7-40ED-80FC-4D12453C2D3D}.Release|Any CPU.ActiveCfg = Release|Any CPU
		{CEED9532-2CE7-40ED-80FC-4D12453C2D3D}.Release|Any CPU.Build.0 = Release|Any CPU
		{CEED9532-2CE7-40ED-80FC-4D12453C2D3D}.Release|ARM.ActiveCfg = Release|Any CPU
		{CEED9532-2CE7-40ED-80FC-4D12453C2D3D}.Release|x86.ActiveCfg = Release|Any CPU
		{085B7551-A8CD-4ACD-A5FD-A2008DC63770}.Debug|Any CPU.ActiveCfg = Debug|Any CPU
		{085B7551-A8CD-4ACD-A5FD-A2008DC63770}.Debug|Any CPU.Build.0 = Debug|Any CPU
		{085B7551-A8CD-4ACD-A5FD-A2008DC63770}.Debug|ARM.ActiveCfg = Debug|Any CPU
		{085B7551-A8CD-4ACD-A5FD-A2008DC63770}.Debug|x86.ActiveCfg = Debug|Any CPU
		{085B7551-A8CD-4ACD-A5FD-A2008DC63770}.Release|Any CPU.ActiveCfg = Release|Any CPU
		{085B7551-A8CD-4ACD-A5FD-A2008DC63770}.Release|Any CPU.Build.0 = Release|Any CPU
		{085B7551-A8CD-4ACD-A5FD-A2008DC63770}.Release|ARM.ActiveCfg = Release|Any CPU
		{085B7551-A8CD-4ACD-A5FD-A2008DC63770}.Release|x86.ActiveCfg = Release|Any CPU
		{F0EDB9D9-5AE4-4D91-8C97-72ABAE5C8331}.Debug|Any CPU.ActiveCfg = Debug|Any CPU
		{F0EDB9D9-5AE4-4D91-8C97-72ABAE5C8331}.Debug|Any CPU.Build.0 = Debug|Any CPU
		{F0EDB9D9-5AE4-4D91-8C97-72ABAE5C8331}.Debug|ARM.ActiveCfg = Debug|Any CPU
		{F0EDB9D9-5AE4-4D91-8C97-72ABAE5C8331}.Debug|x86.ActiveCfg = Debug|Any CPU
		{F0EDB9D9-5AE4-4D91-8C97-72ABAE5C8331}.Release|Any CPU.ActiveCfg = Release|Any CPU
		{F0EDB9D9-5AE4-4D91-8C97-72ABAE5C8331}.Release|Any CPU.Build.0 = Release|Any CPU
		{F0EDB9D9-5AE4-4D91-8C97-72ABAE5C8331}.Release|ARM.ActiveCfg = Release|Any CPU
		{F0EDB9D9-5AE4-4D91-8C97-72ABAE5C8331}.Release|x86.ActiveCfg = Release|Any CPU
		{DA8F57D2-6643-4B79-82A2-F1371D4748F8}.Debug|Any CPU.ActiveCfg = Debug|Any CPU
		{DA8F57D2-6643-4B79-82A2-F1371D4748F8}.Debug|Any CPU.Build.0 = Debug|Any CPU
		{DA8F57D2-6643-4B79-82A2-F1371D4748F8}.Debug|ARM.ActiveCfg = Debug|Any CPU
		{DA8F57D2-6643-4B79-82A2-F1371D4748F8}.Debug|x86.ActiveCfg = Debug|Any CPU
		{DA8F57D2-6643-4B79-82A2-F1371D4748F8}.Release|Any CPU.ActiveCfg = Release|Any CPU
		{DA8F57D2-6643-4B79-82A2-F1371D4748F8}.Release|Any CPU.Build.0 = Release|Any CPU
		{DA8F57D2-6643-4B79-82A2-F1371D4748F8}.Release|ARM.ActiveCfg = Release|Any CPU
		{DA8F57D2-6643-4B79-82A2-F1371D4748F8}.Release|x86.ActiveCfg = Release|Any CPU
		{12B8DD57-9BB9-41EB-8957-198563E5210A}.Debug|Any CPU.ActiveCfg = Debug|Any CPU
		{12B8DD57-9BB9-41EB-8957-198563E5210A}.Debug|ARM.ActiveCfg = Debug|Any CPU
		{12B8DD57-9BB9-41EB-8957-198563E5210A}.Debug|x86.ActiveCfg = Debug|Any CPU
		{12B8DD57-9BB9-41EB-8957-198563E5210A}.Release|Any CPU.ActiveCfg = Release|Any CPU
		{12B8DD57-9BB9-41EB-8957-198563E5210A}.Release|Any CPU.Build.0 = Release|Any CPU
		{12B8DD57-9BB9-41EB-8957-198563E5210A}.Release|ARM.ActiveCfg = Release|Any CPU
		{12B8DD57-9BB9-41EB-8957-198563E5210A}.Release|x86.ActiveCfg = Release|Any CPU
		{66D967DC-28D3-406F-9350-904EE1C52053}.Debug|Any CPU.ActiveCfg = Debug|Any CPU
		{66D967DC-28D3-406F-9350-904EE1C52053}.Debug|Any CPU.Build.0 = Debug|Any CPU
		{66D967DC-28D3-406F-9350-904EE1C52053}.Debug|ARM.ActiveCfg = Debug|Any CPU
		{66D967DC-28D3-406F-9350-904EE1C52053}.Debug|x86.ActiveCfg = Debug|Any CPU
		{66D967DC-28D3-406F-9350-904EE1C52053}.Release|Any CPU.ActiveCfg = Release|Any CPU
		{66D967DC-28D3-406F-9350-904EE1C52053}.Release|Any CPU.Build.0 = Release|Any CPU
		{66D967DC-28D3-406F-9350-904EE1C52053}.Release|ARM.ActiveCfg = Release|Any CPU
		{66D967DC-28D3-406F-9350-904EE1C52053}.Release|x86.ActiveCfg = Release|Any CPU
		{63F094AA-6C64-4947-83B1-678758CA8AA2}.Debug|Any CPU.ActiveCfg = Debug|Any CPU
		{63F094AA-6C64-4947-83B1-678758CA8AA2}.Debug|Any CPU.Build.0 = Debug|Any CPU
		{63F094AA-6C64-4947-83B1-678758CA8AA2}.Debug|ARM.ActiveCfg = Debug|Any CPU
		{63F094AA-6C64-4947-83B1-678758CA8AA2}.Debug|x86.ActiveCfg = Debug|Any CPU
		{63F094AA-6C64-4947-83B1-678758CA8AA2}.Release|Any CPU.ActiveCfg = Release|Any CPU
		{63F094AA-6C64-4947-83B1-678758CA8AA2}.Release|Any CPU.Build.0 = Release|Any CPU
		{63F094AA-6C64-4947-83B1-678758CA8AA2}.Release|ARM.ActiveCfg = Release|Any CPU
		{63F094AA-6C64-4947-83B1-678758CA8AA2}.Release|x86.ActiveCfg = Release|Any CPU
		{12C43A5C-A071-4629-8157-A63CBBCE0B1E}.Debug|Any CPU.ActiveCfg = Debug|Any CPU
		{12C43A5C-A071-4629-8157-A63CBBCE0B1E}.Debug|Any CPU.Build.0 = Debug|Any CPU
		{12C43A5C-A071-4629-8157-A63CBBCE0B1E}.Debug|ARM.ActiveCfg = Debug|Any CPU
		{12C43A5C-A071-4629-8157-A63CBBCE0B1E}.Debug|x86.ActiveCfg = Debug|Any CPU
		{12C43A5C-A071-4629-8157-A63CBBCE0B1E}.Release|Any CPU.ActiveCfg = Release|Any CPU
		{12C43A5C-A071-4629-8157-A63CBBCE0B1E}.Release|Any CPU.Build.0 = Release|Any CPU
		{12C43A5C-A071-4629-8157-A63CBBCE0B1E}.Release|ARM.ActiveCfg = Release|Any CPU
		{12C43A5C-A071-4629-8157-A63CBBCE0B1E}.Release|x86.ActiveCfg = Release|Any CPU
		{5111FC48-720F-41AC-BD42-BD531C5D7986}.Debug|Any CPU.ActiveCfg = Debug|Any CPU
		{5111FC48-720F-41AC-BD42-BD531C5D7986}.Debug|Any CPU.Build.0 = Debug|Any CPU
		{5111FC48-720F-41AC-BD42-BD531C5D7986}.Debug|ARM.ActiveCfg = Debug|Any CPU
		{5111FC48-720F-41AC-BD42-BD531C5D7986}.Debug|x86.ActiveCfg = Debug|Any CPU
		{5111FC48-720F-41AC-BD42-BD531C5D7986}.Release|Any CPU.ActiveCfg = Release|Any CPU
		{5111FC48-720F-41AC-BD42-BD531C5D7986}.Release|Any CPU.Build.0 = Release|Any CPU
		{5111FC48-720F-41AC-BD42-BD531C5D7986}.Release|ARM.ActiveCfg = Release|Any CPU
		{5111FC48-720F-41AC-BD42-BD531C5D7986}.Release|x86.ActiveCfg = Release|Any CPU
		{EA570592-1FAB-412F-AA0C-159C947608CD}.Debug|Any CPU.ActiveCfg = Debug|Any CPU
		{EA570592-1FAB-412F-AA0C-159C947608CD}.Debug|Any CPU.Build.0 = Debug|Any CPU
		{EA570592-1FAB-412F-AA0C-159C947608CD}.Debug|ARM.ActiveCfg = Debug|Any CPU
		{EA570592-1FAB-412F-AA0C-159C947608CD}.Debug|x86.ActiveCfg = Debug|Any CPU
		{EA570592-1FAB-412F-AA0C-159C947608CD}.Release|Any CPU.ActiveCfg = Release|Any CPU
		{EA570592-1FAB-412F-AA0C-159C947608CD}.Release|Any CPU.Build.0 = Release|Any CPU
		{EA570592-1FAB-412F-AA0C-159C947608CD}.Release|ARM.ActiveCfg = Release|Any CPU
		{EA570592-1FAB-412F-AA0C-159C947608CD}.Release|x86.ActiveCfg = Release|Any CPU
		{559084BC-8F49-435E-AD26-6FBD96940BB2}.Debug|Any CPU.ActiveCfg = Debug|Any CPU
		{559084BC-8F49-435E-AD26-6FBD96940BB2}.Debug|Any CPU.Build.0 = Debug|Any CPU
		{559084BC-8F49-435E-AD26-6FBD96940BB2}.Debug|ARM.ActiveCfg = Debug|Any CPU
		{559084BC-8F49-435E-AD26-6FBD96940BB2}.Debug|x86.ActiveCfg = Debug|Any CPU
		{559084BC-8F49-435E-AD26-6FBD96940BB2}.Release|Any CPU.ActiveCfg = Release|Any CPU
		{559084BC-8F49-435E-AD26-6FBD96940BB2}.Release|Any CPU.Build.0 = Release|Any CPU
		{559084BC-8F49-435E-AD26-6FBD96940BB2}.Release|ARM.ActiveCfg = Release|Any CPU
		{559084BC-8F49-435E-AD26-6FBD96940BB2}.Release|x86.ActiveCfg = Release|Any CPU
		{357015ED-54E9-4D0E-B9F3-D12B5F53B79E}.Debug|Any CPU.ActiveCfg = Debug|Any CPU
		{357015ED-54E9-4D0E-B9F3-D12B5F53B79E}.Debug|Any CPU.Build.0 = Debug|Any CPU
		{357015ED-54E9-4D0E-B9F3-D12B5F53B79E}.Debug|ARM.ActiveCfg = Debug|Any CPU
		{357015ED-54E9-4D0E-B9F3-D12B5F53B79E}.Debug|ARM.Build.0 = Debug|Any CPU
		{357015ED-54E9-4D0E-B9F3-D12B5F53B79E}.Debug|x86.ActiveCfg = Debug|Any CPU
		{357015ED-54E9-4D0E-B9F3-D12B5F53B79E}.Debug|x86.Build.0 = Debug|Any CPU
		{357015ED-54E9-4D0E-B9F3-D12B5F53B79E}.Release|Any CPU.ActiveCfg = Release|Any CPU
		{357015ED-54E9-4D0E-B9F3-D12B5F53B79E}.Release|Any CPU.Build.0 = Release|Any CPU
		{357015ED-54E9-4D0E-B9F3-D12B5F53B79E}.Release|ARM.ActiveCfg = Release|Any CPU
		{357015ED-54E9-4D0E-B9F3-D12B5F53B79E}.Release|ARM.Build.0 = Release|Any CPU
		{357015ED-54E9-4D0E-B9F3-D12B5F53B79E}.Release|x86.ActiveCfg = Release|Any CPU
		{357015ED-54E9-4D0E-B9F3-D12B5F53B79E}.Release|x86.Build.0 = Release|Any CPU
	EndGlobalSection
	GlobalSection(SolutionProperties) = preSolution
		HideSolutionNode = FALSE
	EndGlobalSection
	GlobalSection(TestCaseManagementSettings) = postSolution
		CategoryFile = DanceCalc.vsmdi
	EndGlobalSection
EndGlobal
